
Microsoft Visual Studio Solution File, Format Version 11.00
# Visual Studio 2010
Project("{FAE04EC0-301F-11D3-BF4B-00C04F79EFBC}") = "TestBlockScore", "TestBlockScore.csproj", "{AE12D16D-4039-4C23-81AE-68DE0DD4F14B}"
EndProject
Global
	GlobalSection(SolutionConfigurationPlatforms) = preSolution
		Debug|Any CPU = Debug|Any CPU
		Release|Any CPU = Release|Any CPU
	EndGlobalSection
	GlobalSection(ProjectConfigurationPlatforms) = postSolution
		{AE12D16D-4039-4C23-81AE-68DE0DD4F14B}.Debug|Any CPU.ActiveCfg = Debug|Any CPU
		{AE12D16D-4039-4C23-81AE-68DE0DD4F14B}.Debug|Any CPU.Build.0 = Debug|Any CPU
		{AE12D16D-4039-4C23-81AE-68DE0DD4F14B}.Release|Any CPU.ActiveCfg = Release|Any CPU
		{AE12D16D-4039-4C23-81AE-68DE0DD4F14B}.Release|Any CPU.Build.0 = Release|Any CPU
	EndGlobalSection
	GlobalSection(SolutionProperties) = preSolution
		HideSolutionNode = FALSE
	EndGlobalSection
EndGlobal
